
Microsoft Visual Studio Solution File, Format Version 12.00
# Visual Studio Version 16
VisualStudioVersion = 16.0.30128.74
MinimumVisualStudioVersion = 10.0.40219.1
Project("{FAE04EC0-301F-11D3-BF4B-00C04F79EFBC}") = "Composite", "Composite\Composite.csproj", "{9E7AA894-00D3-4696-9A1B-3A6C3D2A52B6}"
EndProject
Project("{FAE04EC0-301F-11D3-BF4B-00C04F79EFBC}") = "CreateArmy", "CreateArmy\CreateArmy.csproj", "{D95562DE-A4C3-4763-9404-ADCE833BF522}"
EndProject
Global
	GlobalSection(SolutionConfigurationPlatforms) = preSolution
		Debug|Any CPU = Debug|Any CPU
		Release|Any CPU = Release|Any CPU
	EndGlobalSection
	GlobalSection(ProjectConfigurationPlatforms) = postSolution
		{9E7AA894-00D3-4696-9A1B-3A6C3D2A52B6}.Debug|Any CPU.ActiveCfg = Debug|Any CPU
		{9E7AA894-00D3-4696-9A1B-3A6C3D2A52B6}.Debug|Any CPU.Build.0 = Debug|Any CPU
		{9E7AA894-00D3-4696-9A1B-3A6C3D2A52B6}.Release|Any CPU.ActiveCfg = Release|Any CPU
		{9E7AA894-00D3-4696-9A1B-3A6C3D2A52B6}.Release|Any CPU.Build.0 = Release|Any CPU
		{D95562DE-A4C3-4763-9404-ADCE833BF522}.Debug|Any CPU.ActiveCfg = Debug|Any CPU
		{D95562DE-A4C3-4763-9404-ADCE833BF522}.Debug|Any CPU.Build.0 = Debug|Any CPU
		{D95562DE-A4C3-4763-9404-ADCE833BF522}.Release|Any CPU.ActiveCfg = Release|Any CPU
		{D95562DE-A4C3-4763-9404-ADCE833BF522}.Release|Any CPU.Build.0 = Release|Any CPU
	EndGlobalSection
	GlobalSection(SolutionProperties) = preSolution
		HideSolutionNode = FALSE
	EndGlobalSection
	GlobalSection(ExtensibilityGlobals) = postSolution
		SolutionGuid = {F4E79176-F0EF-4DF3-8A2D-D73D56EB287B}
	EndGlobalSection
EndGlobal
